lockfileVersion: '9.0'

settings:
  autoInstallPeers: true
  excludeLinksFromLockfile: false

importers:

  .:
    dependencies:
      ink:
        specifier: ^7.1.0
        version: 7.1.0(@types/react@19.2.17)(react@19.2.7)
      react:
        specifier: ^19.2.7
        version: 19.2.7
      trash:
        specifier: ^10.1.1
        version: 10.1.1
    devDependencies:
      '@biomejs/biome':
        specifier: ^2.5.2
        version: 2.5.2
      '@types/node':
        specifier: ^22.20.0
        version: 22.20.0
      '@types/react':
        specifier: ^19.2.17
        version: 19.2.17
      ink-testing-library:
        specifier: ^4.0.0
        version: 4.0.0(@types/react@19.2.17)
      typescript:
        specifier: ^6.0.3
        version: 6.0.3

packages:

  '@alcalzone/ansi-tokenize@0.3.0':
    resolution: {integrity: sha512-p+CMKJ93HFmLkjXKlXiVGlMQEuRb6H0MokBSwUsX+S6BRX8eV5naFZpQJFfJHjRZY0Hmnqy1/r6UWl3x+19zYA==, tarball: https://registry.npmjs.org/@alcalzone/ansi-tokenize/-/ansi-tokenize-0.3.0.tgz}
    engines: {node: '>=18'}

  '@biomejs/biome@2.5.2':
    resolution: {integrity: sha512-VQ3RCqr7JmDIX+w6stWYl+g/3bYofN3q2wDBHUKKc/c7i5QWrFKFBZYCYPWTE6agsUPMIZZe6/CMmVUfUAhkKA==, tarball: https://registry.npmjs.org/@biomejs/biome/-/biome-2.5.2.tgz}
    engines: {node: '>=14.21.3'}
    hasBin: true

  '@biomejs/cli-darwin-arm64@2.5.2':
    resolution: {integrity: sha512-e7P3P7EkwFc/KiX2AHw4YDLIBOMfG9CPCAwy52k5Bp0dfhkozx9hf6wCmIr2QeXy2XeccJ3V/Sg+hDmzYEqxSg==, tarball: https://registry.npmjs.org/@biomejs/cli-darwin-arm64/-/cli-darwin-arm64-2.5.2.tgz}
    engines: {node: '>=14.21.3'}
    cpu: [arm64]
    os: [darwin]

  '@biomejs/cli-darwin-x64@2.5.2':
    resolution: {integrity: sha512-ymzMvjC1Jg0b9K0D26ZdARqFQXs7MocfLC5FOCGfkC0Ss+ACUJkX5364ZM5nT4NLZanHRZNVrZEy+Ibwcvux/g==, tarball: https://registry.npmjs.org/@biomejs/cli-darwin-x64/-/cli-darwin-x64-2.5.2.tgz}
    engines: {node: '>=14.21.3'}
    cpu: [x64]
    os: [darwin]

  '@biomejs/cli-linux-arm64-musl@2.5.2':
    resolution: {integrity: sha512-w+ANG0ZvTu9IeEg9QnstoOnk6L0fpwJifW6aHR18+cb5Z39bkANItYjAfMrnvce5tmMK+IQ6nPX7/kQFdam5iw==, tarball: https://registry.npmjs.org/@biomejs/cli-linux-arm64-musl/-/cli-linux-arm64-musl-2.5.2.tgz}
    engines: {node: '>=14.21.3'}
    cpu: [arm64]
    os: [linux]
    libc: [musl]

  '@biomejs/cli-linux-arm64@2.5.2':
    resolution: {integrity: sha512-t7sseOmqND57uUWTwlawU6BYj+J06T/9EkydzBhkrgw/FK3QVhjU2wsJR0frljrKZ0/I8A/rYw7284QgqjQfIQ==, tarball: https://registry.npmjs.org/@biomejs/cli-linux-arm64/-/cli-linux-arm64-2.5.2.tgz}
    engines: {node: '>=14.21.3'}
    cpu: [arm64]
    os: [linux]
    libc: [glibc]

  '@biomejs/cli-linux-x64-musl@2.5.2':
    resolution: {integrity: sha512-VArNLAzND063tF+XY0yPyM+DyahpzOMzOAvb7qs259nhjJWRjvjZdssuA+Rfl+l07+NOesKZ0Xu2yFrXyBMtzw==, tarball: https://registry.npmjs.org/@biomejs/cli-linux-x64-musl/-/cli-linux-x64-musl-2.5.2.tgz}
    engines: {node: '>=14.21.3'}
    cpu: [x64]
    os: [linux]
    libc: [musl]

  '@biomejs/cli-linux-x64@2.5.2':
    resolution: {integrity: sha512-M/lOZrewzTCRDINbjhQ1gYYru37KlD3kJBQwwKCG0ckz5E9IZwIoJ3X0wBwRXA+yBDIwWUuPBHS67HzJY4dTfA==, tarball: https://registry.npmjs.org/@biomejs/cli-linux-x64/-/cli-linux-x64-2.5.2.tgz}
    engines: {node: '>=14.21.3'}
    cpu: [x64]
    os: [linux]
    libc: [glibc]

  '@biomejs/cli-win32-arm64@2.5.2':
    resolution: {integrity: sha512-kbjFFKyZlzYnAuw7sRy5qDoFG6zrP40UK08oPQsWK0ct3NMnGSt+Bs1iviEEyEIP57N5MrykGXdO/wRiaR4lww==, tarball: https://registry.npmjs.org/@biomejs/cli-win32-arm64/-/cli-win32-arm64-2.5.2.tgz}
    engines: {node: '>=14.21.3'}
    cpu: [arm64]
    os: [win32]

  '@biomejs/cli-win32-x64@2.5.2':
    resolution: {integrity: sha512-4InchVpdVmdkkkgjQqKpgvyu+VPnoF/7RPSw5YATgEVpt2j72wcCAeV5TwaE9ZGJUZWZn7v2CwSAj6CrMJEx8A==, tarball: https://registry.npmjs.org/@biomejs/cli-win32-x64/-/cli-win32-x64-2.5.2.tgz}
    engines: {node: '>=14.21.3'}
    cpu: [x64]
    os: [win32]

  '@nodelib/fs.scandir@2.1.5':
    resolution: {integrity: sha512-vq24Bq3ym5HEQm2NKCr3yXDwjc7vTsEThRDnkp2DK9p1uqLR+DHurm/NOTo0KG7HYHU7eppKZj3MyqYuMBf62g==, tarball: https://registry.npmjs.org/@nodelib/fs.scandir/-/fs.scandir-2.1.5.tgz}
    engines: {node: '>= 8'}

  '@nodelib/fs.stat@2.0.5':
    resolution: {integrity: sha512-RkhPPp2zrqDAQA/2jNhnztcPAlv64XdhIp7a7454A5ovI7Bukxgt7MX7udwAu3zg1DcpPU0rz3VV1SeaqvY4+A==, tarball: https://registry.npmjs.org/@nodelib/fs.stat/-/fs.stat-2.0.5.tgz}
    engines: {node: '>= 8'}

  '@nodelib/fs.walk@1.2.8':
    resolution: {integrity: sha512-oGB+UxlgWcgQkgwo8GcEGwemoTFt3FIO9ababBmaGwXIoBKZ+GTy0pP185beGg7Llih/NSHSV2XAs1lnznocSg==, tarball: https://registry.npmjs.org/@nodelib/fs.walk/-/fs.walk-1.2.8.tgz}
    engines: {node: '>= 8'}

  '@sindresorhus/df@1.0.1':
    resolution: {integrity: sha512-1Hyp7NQnD/u4DSxR2DGW78TF9k7R0wZ8ev0BpMAIzA6yTQSHqNb5wTuvtcPYf4FWbVse2rW7RgDsyL8ua2vXHw==, tarball: https://registry.npmjs.org/@sindresorhus/df/-/df-1.0.1.tgz}
    engines: {node: '>=0.10.0'}

  '@sindresorhus/df@3.1.1':
    resolution: {integrity: sha512-SME/vtXaJcnQ/HpeV6P82Egy+jThn11IKfwW8+/XVoRD0rmPHVTeKMtww1oWdVnMykzVPjmrDN9S8NBndPEHCQ==, tarball: https://registry.npmjs.org/@sindresorhus/df/-/df-3.1.1.tgz}
    engines: {node: '>=8'}

  '@sindresorhus/merge-streams@2.3.0':
    resolution: {integrity: sha512-LtoMMhxAlorcGhmFYI+LhPgbPZCkgP6ra1YL604EeF6U98pLlQ3iWIGMdWSC+vWmPBWBNgmDBAhnAobLROJmwg==, tarball: https://registry.npmjs.org/@sindresorhus/merge-streams/-/merge-streams-2.3.0.tgz}
    engines: {node: '>=18'}

  '@stroncium/procfs@1.2.1':
    resolution: {integrity: sha512-X1Iui3FUNZP18EUvysTHxt+Avu2nlVzyf90YM8OYgP6SGzTzzX/0JgObfO1AQQDzuZtNNz29bVh8h5R97JrjxA==, tarball: https://registry.npmjs.org/@stroncium/procfs/-/procfs-1.2.1.tgz}
    engines: {node: '>=8'}

  '@types/node@22.20.0':
    resolution: {integrity: sha512-QWlFW2wf3nTjC13/DqRnBpR4ZO36VJH/JVBkA/vcnmbTBNQIlnObqyqZE1tUR7+Ni23Lda8R1BxMfbXRpCUx5g==, tarball: https://registry.npmjs.org/@types/node/-/node-22.20.0.tgz}

  '@types/react@19.2.17':
    resolution: {integrity: sha512-MXfmqaVPEVgkBT/aY0aGCkRWWtByiYQXo3xdQ8r5RzuFrPiRn8Gar2tQdXSUQ2GKV3bkXckek89V8wQBY2Q/Aw==, tarball: https://registry.npmjs.org/@types/react/-/react-19.2.17.tgz}

  ansi-escapes@7.3.0:
    resolution: {integrity: sha512-BvU8nYgGQBxcmMuEeUEmNTvrMVjJNSH7RgW24vXexN4Ven6qCvy4TntnvlnwnMLTVlcRQQdbRY8NKnaIoeWDNg==, tarball: https://registry.npmjs.org/ansi-escapes/-/ansi-escapes-7.3.0.tgz}
    engines: {node: '>=18'}

  ansi-regex@6.2.2:
    resolution: {integrity: sha512-Bq3SmSpyFHaWjPk8If9yc6svM8c56dB5BAtW4Qbw5jHTwwXXcTLoRMkpDJp6VL0XzlWaCHTXrkFURMYmD0sLqg==, tarball: https://registry.npmjs.org/ansi-regex/-/ansi-regex-6.2.2.tgz}
    engines: {node: '>=12'}

  ansi-styles@6.2.3:
    resolution: {integrity: sha512-4Dj6M28JB+oAH8kFkTLUo+a2jwOFkuqb3yucU0CANcRRUbxS0cP0nZYCGjcc3BNXwRIsUVmDGgzawme7zvJHvg==, tarball: https://registry.npmjs.org/ansi-styles/-/ansi-styles-6.2.3.tgz}
    engines: {node: '>=12'}

  auto-bind@5.0.1:
    resolution: {integrity: sha512-ooviqdwwgfIfNmDwo94wlshcdzfO64XV0Cg6oDsDYBJfITDz1EngD2z7DkbvCWn+XIMsIqW27sEVF6qcpJrRcg==, tarball: https://registry.npmjs.org/auto-bind/-/auto-bind-5.0.1.tgz}
    engines: {node: ^12.20.0 || ^14.13.1 || >=16.0.0}

  braces@3.0.3:
    resolution: {integrity: sha512-yQbXgO/OSZVD2IsiLlro+7Hf6Q18EJrKSEsdoMzKePKXct3gvD8oLcOQdIzGupr5Fj+EDe8gO/lxc1BzfMpxvA==, tarball: https://registry.npmjs.org/braces/-/braces-3.0.3.tgz}
    engines: {node: '>=8'}

  chalk@5.6.2:
    resolution: {integrity: sha512-7NzBL0rN6fMUW+f7A6Io4h40qQlG+xGmtMxfbnH/K7TAtt8JQWVQK+6g0UXKMeVJoyV5EkkNsErQ8pVD3bLHbA==, tarball: https://registry.npmjs.org/chalk/-/chalk-5.6.2.tgz}
    engines: {node: ^12.17.0 || ^14.13 || >=16.0.0}

  chunkify@5.0.0:
    resolution: {integrity: sha512-G8dj/3/Gm+1yL4oWSdwIxihZWFlgC4V2zYtIApacI0iPIRKBHlBGOGAiDUBZgrj4H8MBA8g8fPFwnJrWF3wl7Q==, tarball: https://registry.npmjs.org/chunkify/-/chunkify-5.0.0.tgz}
    engines: {node: '>=18'}

  cli-boxes@4.0.1:
    resolution: {integrity: sha512-5IOn+jcCEHEraYolBPs/sT4BxYCe2nHg374OPiItB1O96KZFseS2gthU4twyYzeDcFew4DaUM/xwc5BQf08JJw==, tarball: https://registry.npmjs.org/cli-boxes/-/cli-boxes-4.0.1.tgz}
    engines: {node: '>=18.20 <19 || >=20.10'}

  cli-cursor@4.0.0:
    resolution: {integrity: sha512-VGtlMu3x/4DOtIUwEkRezxUZ2lBacNJCHash0N0WeZDBS+7Ux1dm3XWAgWYxLJFMMdOeXMHXorshEFhbMSGelg==, tarball: https://registry.npmjs.org/cli-cursor/-/cli-cursor-4.0.0.tgz}
    engines: {node: ^12.20.0 || ^14.13.1 || >=16.0.0}

  cli-truncate@6.1.0:
    resolution: {integrity: sha512-ofWtXdvPO1WepoE9Gn4dPdZw+ADud1Yz9K+xm9FjK5vvrs/D60vrlKIQeSw1wJX4cphW2bnWi8GZSKvf9T6shw==, tarball: https://registry.npmjs.org/cli-truncate/-/cli-truncate-6.1.0.tgz}
    engines: {node: '>=22'}

  code-excerpt@4.0.0:
    resolution: {integrity: sha512-xxodCmBen3iy2i0WtAK8FlFNrRzjUqjRsMfho58xT/wvZU1YTM3fCnRjcy1gJPMepaRlgm/0e6w8SpWHpn3/cA==, tarball: https://registry.npmjs.org/code-excerpt/-/code-excerpt-4.0.0.tgz}
    engines: {node: ^12.20.0 || ^14.13.1 || >=16.0.0}

  convert-to-spaces@2.0.1:
    resolution: {integrity: sha512-rcQ1bsQO9799wq24uE5AM2tAILy4gXGIK/njFWcVQkGNZ96edlpY+A7bjwvzjYvLDyzmG1MmMLZhpcsb+klNMQ==, tarball: https://registry.npmjs.org/convert-to-spaces/-/convert-to-spaces-2.0.1.tgz}
    engines: {node: ^12.20.0 || ^14.13.1 || >=16.0.0}

  cross-spawn@7.0.6:
    resolution: {integrity: sha512-uV2QOWP2nWzsy2aMp8aRibhi9dlzF5Hgh5SHaB9OiTGEyDTiJJyx0uy51QXdyWbtAHNua4XJzUKca3OzKUd3vA==, tarball: https://registry.npmjs.org/cross-spawn/-/cross-spawn-7.0.6.tgz}
    engines: {node: '>= 8'}

  csstype@3.2.3:
    resolution: {integrity: sha512-z1HGKcYy2xA8AGQfwrn0PAy+PB7X/GSj3UVJW9qKyn43xWa+gl5nXmU4qqLMRzWVLFC8KusUX8T/0kCiOYpAIQ==, tarball: https://registry.npmjs.org/csstype/-/csstype-3.2.3.tgz}

  end-of-stream@1.4.5:
    resolution: {integrity: sha512-ooEGc6HP26xXq/N+GCGOT0JKCLDGrq2bQUZrQ7gyrJiZANJ/8YDTxTpQBXGMn+WbIQXNVpyWymm7KYVICQnyOg==, tarball: https://registry.npmjs.org/end-of-stream/-/end-of-stream-1.4.5.tgz}

  environment@1.1.0:
    resolution: {integrity: sha512-xUtoPkMggbz0MPyPiIWr1Kp4aeWJjDZ6SMvURhimjdZgsRuDplF5/s9hcgGhyXMhs+6vpnuoiZ2kFiu3FMnS8Q==, tarball: https://registry.npmjs.org/environment/-/environment-1.1.0.tgz}
    engines: {node: '>=18'}

  es-toolkit@1.46.1:
    resolution: {integrity: sha512-5eNtXOs3tbfxXOj04tjjseeWkRWaoCjdEI+96DgwzZoe6c9juL49pXlzAFTI72aWC9Y8p7168g6XIKjh7k6pyQ==, tarball: https://registry.npmjs.org/es-toolkit/-/es-toolkit-1.46.1.tgz}

  escape-string-regexp@2.0.0:
    resolution: {integrity: sha512-UpzcLCXolUWcNu5HtVMHYdXJjArjsF9C0aNnquZYY4uW/Vu0miy5YoWvbV345HauVvcAUnpRuhMMcqTcGOY2+w==, tarball: https://registry.npmjs.org/escape-string-regexp/-/escape-string-regexp-2.0.0.tgz}
    engines: {node: '>=8'}

  execa@2.1.0:
    resolution: {integrity: sha512-Y/URAVapfbYy2Xp/gb6A0E7iR8xeqOCXsuuaoMn7A5PzrXUK84E1gyiEfq0wQd/GHA6GsoHWwhNq8anb0mleIw==, tarball: https://registry.npmjs.org/execa/-/execa-2.1.0.tgz}
    engines: {node: ^8.12.0 || >=9.7.0}

  fast-glob@3.3.3:
    resolution: {integrity: sha512-7MptL8U0cqcFdzIzwOTHoilX9x5BrNqye7Z/LuC7kCMRio1EMSyqRK3BEAUD7sXRq4iT4AzTVuZdhgQ2TCvYLg==, tarball: https://registry.npmjs.org/fast-glob/-/fast-glob-3.3.3.tgz}
    engines: {node: '>=8.6.0'}

  fastq@1.20.1:
    resolution: {integrity: sha512-GGToxJ/w1x32s/D2EKND7kTil4n8OVk/9mycTc4VDza13lOvpUZTGX3mFSCtV9ksdGBVzvsyAVLM6mHFThxXxw==, tarball: https://registry.npmjs.org/fastq/-/fastq-1.20.1.tgz}

  fill-range@7.1.1:
    resolution: {integrity: sha512-YsGpe3WHLK8ZYi4tWDg2Jy3ebRz2rXowDxnld4bkQB00cc/1Zw9AWnC0i9ztDJitivtQvaI9KaLyKrc+hBW0yg==, tarball: https://registry.npmjs.org/fill-range/-/fill-range-7.1.1.tgz}
    engines: {node: '>=8'}

  get-east-asian-width@1.5.0:
    resolution: {integrity: sha512-CQ+bEO+Tva/qlmw24dCejulK5pMzVnUOFOijVogd3KQs07HnRIgp8TGipvCCRT06xeYEbpbgwaCxglFyiuIcmA==, tarball: https://registry.npmjs.org/get-east-asian-width/-/get-east-asian-width-1.5.0.tgz}
    engines: {node: '>=18'}

  get-stream@5.2.0:
    resolution: {integrity: sha512-nBF+F1rAZVCu/p7rjzgA+Yb4lfYXrpl7a6VmJrU8wF9I1CKvP/QwPNZHnOlwbTkY6dvtFIzFMSyQXbLoTQPRpA==, tarball: https://registry.npmjs.org/get-stream/-/get-stream-5.2.0.tgz}
    engines: {node: '>=8'}

  glob-parent@5.1.2:
    resolution: {integrity: sha512-AOIgSQCepiJYwP3ARnGx+5VnTu2HBYdzbGP45eLw1vr3zB3vZLeyed1sC9hnbcOc9/SrMyM5RPQrkGz4aS9Zow==, tarball: https://registry.npmjs.org/glob-parent/-/glob-parent-5.1.2.tgz}
    engines: {node: '>= 6'}

  globby@14.1.0:
    resolution: {integrity: sha512-0Ia46fDOaT7k4og1PDW4YbodWWr3scS2vAr2lTbsplOt2WkKp0vQbkI9wKis/T5LV/dqPjO3bpS/z6GTJB82LA==, tarball: https://registry.npmjs.org/globby/-/globby-14.1.0.tgz}
    engines: {node: '>=18'}

  ignore@7.0.5:
    resolution: {integrity: sha512-Hs59xBNfUIunMFgWAbGX5cq6893IbWg4KnrjbYwX3tx0ztorVgTDA6B2sxf8ejHJ4wz8BqGUMYlnzNBer5NvGg==, tarball: https://registry.npmjs.org/ignore/-/ignore-7.0.5.tgz}
    engines: {node: '>= 4'}

  indent-string@5.0.0:
    resolution: {integrity: sha512-m6FAo/spmsW2Ab2fU35JTYwtOKa2yAwXSwgjSv1TJzh4Mh7mC3lzAOVLBprb72XsTrgkEIsl7YrFNAiDiRhIGg==, tarball: https://registry.npmjs.org/indent-string/-/indent-string-5.0.0.tgz}
    engines: {node: '>=12'}

  ink-testing-library@4.0.0:
    resolution: {integrity: sha512-yF92kj3pmBvk7oKbSq5vEALO//o7Z9Ck/OaLNlkzXNeYdwfpxMQkSowGTFUCS5MSu9bWfSZMewGpp7bFc66D7Q==, tarball: https://registry.npmjs.org/ink-testing-library/-/ink-testing-library-4.0.0.tgz}
    engines: {node: '>=18'}
    peerDependencies:
      '@types/react': '>=18.0.0'
    peerDependenciesMeta:
      '@types/react':
        optional: true

  ink@7.1.0:
    resolution: {integrity: sha512-VWE6/yeLtFCJBNLflyI2OSylyXK1Rc24LuXup8Qt+icwkmmycFNdbn8IkSp6Frc0h1iA0NOvvi1ajW44U/w3Qg==, tarball: https://registry.npmjs.org/ink/-/ink-7.1.0.tgz}
    engines: {node: '>=22'}
    peerDependencies:
      '@types/react': '>=19.2.0'
      react: '>=19.2.0'
      react-devtools-core: '>=6.1.2'
    peerDependenciesMeta:
      '@types/react':
        optional: true
      react-devtools-core:
        optional: true

  is-docker@3.0.0:
    resolution: {integrity: sha512-eljcgEDlEns/7AXFosB5K/2nCM4P7FQPkGc/DWLy5rmFEWvZayGrik1d9/QIY5nJ4f9YsVvBkA6kJpHn9rISdQ==, tarball: https://registry.npmjs.org/is-docker/-/is-docker-3.0.0.tgz}
    engines: {node: ^12.20.0 || ^14.13.1 || >=16.0.0}
    hasBin: true

  is-extglob@2.1.1:
    resolution: {integrity: sha512-SbKbANkN603Vi4jEZv49LeVJMn4yGwsbzZworEoyEiutsN3nJYdbO36zfhGJ6QEDpOZIFkDtnq5JRxmvl3jsoQ==, tarball: https://registry.npmjs.org/is-extglob/-/is-extglob-2.1.1.tgz}
    engines: {node: '>=0.10.0'}

  is-fullwidth-code-point@5.1.0:
    resolution: {integrity: sha512-5XHYaSyiqADb4RnZ1Bdad6cPp8Toise4TzEjcOYDHZkTCbKgiUl7WTUCpNWHuxmDt91wnsZBc9xinNzopv3JMQ==, tarball: https://registry.npmjs.org/is-fullwidth-code-point/-/is-fullwidth-code-point-5.1.0.tgz}
    engines: {node: '>=18'}

  is-glob@4.0.3:
    resolution: {integrity: sha512-xelSayHH36ZgE7ZWhli7pW34hNbNl8Ojv5KVmkJD4hBdD3th8Tfk9vYasLM+mXWOZhFkgZfxhLSnrwRr4elSSg==, tarball: https://registry.npmjs.org/is-glob/-/is-glob-4.0.3.tgz}
    engines: {node: '>=0.10.0'}

  is-in-ci@2.0.0:
    resolution: {integrity: sha512-cFeerHriAnhrQSbpAxL37W1wcJKUUX07HyLWZCW1URJT/ra3GyUTzBgUnh24TMVfNTV2Hij2HLxkPHFZfOZy5w==, tarball: https://registry.npmjs.org/is-in-ci/-/is-in-ci-2.0.0.tgz}
    engines: {node: '>=20'}
    hasBin: true

  is-inside-container@1.0.0:
    resolution: {integrity: sha512-KIYLCCJghfHZxqjYBE7rEy0OBuTd5xCHS7tHVgvCLkx7StIoaxwNW3hCALgEUjFfeRk+MG/Qxmp/vtETEF3tRA==, tarball: https://registry.npmjs.org/is-inside-container/-/is-inside-container-1.0.0.tgz}
    engines: {node: '>=14.16'}
    hasBin: true

  is-number@7.0.0:
    resolution: {integrity: sha512-41Cifkg6e8TylSpdtTpeLVMqvSBEVzTttHvERD741+pnZ8ANv0004MRL43QKPDlK9cGvNp6NZWZUBlbGXYxxng==, tarball: https://registry.npmjs.org/is-number/-/is-number-7.0.0.tgz}
    engines: {node: '>=0.12.0'}

  is-path-inside@4.0.0:
    resolution: {integrity: sha512-lJJV/5dYS+RcL8uQdBDW9c9uWFLLBNRyFhnAKXw5tVqLlKZ4RMGZKv+YQ/IA3OhD+RpbJa1LLFM1FQPGyIXvOA==, tarball: https://registry.npmjs.org/is-path-inside/-/is-path-inside-4.0.0.tgz}
    engines: {node: '>=12'}

  is-stream@2.0.1:
    resolution: {integrity: sha512-hFoiJiTl63nn+kstHGBtewWSKnQLpyb155KHheA1l39uvtO9nWIop1p3udqPcUd/xbF1VLMO4n7OI6p7RbngDg==, tarball: https://registry.npmjs.org/is-stream/-/is-stream-2.0.1.tgz}
    engines: {node: '>=8'}

  is-wsl@3.1.1:
    resolution: {integrity: sha512-e6rvdUCiQCAuumZslxRJWR/Doq4VpPR82kqclvcS0efgt430SlGIk05vdCN58+VrzgtIcfNODjozVielycD4Sw==, tarball: https://registry.npmjs.org/is-wsl/-/is-wsl-3.1.1.tgz}
    engines: {node: '>=16'}

  isexe@2.0.0:
    resolution: {integrity: sha512-RHxMLp9lnKHGHRng9QFhRCMbYAcVpn69smSGcq3f36xjgVVWThj4qqLbTLlq7Ssj8B+fIQ1EuCEGI2lKsyQeIw==, tarball: https://registry.npmjs.org/isexe/-/isexe-2.0.0.tgz}

  merge-stream@2.0.0:
    resolution: {integrity: sha512-abv/qOcuPfk3URPfDzmZU1LKmuw8kT+0nIHvKrKgFrwifol/doWcdA4ZqsWQ8ENrFKkd67Mfpo/LovbIUsbt3w==, tarball: https://registry.npmjs.org/merge-stream/-/merge-stream-2.0.0.tgz}

  merge2@1.4.1:
    resolution: {integrity: sha512-8q7VEgMJW4J8tcfVPy8g09NcQwZdbwFEqhe/WZkoIzjn/3TGDwtOCYtXGxA3O8tPzpczCCDgv+P2P5y00ZJOOg==, tarball: https://registry.npmjs.org/merge2/-/merge2-1.4.1.tgz}
    engines: {node: '>= 8'}

  micromatch@4.0.8:
    resolution: {integrity: sha512-PXwfBhYu0hBCPw8Dn0E+WDYb7af3dSLVWKi3HGv84IdF4TyFoC0ysxFd0Goxw7nSv4T/PzEJQxsYsEiFCKo2BA==, tarball: https://registry.npmjs.org/micromatch/-/micromatch-4.0.8.tgz}
    engines: {node: '>=8.6'}

  mimic-fn@2.1.0:
    resolution: {integrity: sha512-OqbOk5oEQeAZ8WXWydlu9HJjz9WVdEIvamMCcXmuqUYjTknH/sqsWvhQ3vgwKFRR1HpjvNBKQ37nbJgYzGqGcg==, tarball: https://registry.npmjs.org/mimic-fn/-/mimic-fn-2.1.0.tgz}
    engines: {node: '>=6'}

  mount-point@3.0.0:
    resolution: {integrity: sha512-jAhfD7ZCG+dbESZjcY1SdFVFqSJkh/yGbdsifHcPkvuLRO5ugK0Ssmd9jdATu29BTd4JiN+vkpMzVvsUgP3SZA==, tarball: https://registry.npmjs.org/mount-point/-/mount-point-3.0.0.tgz}
    engines: {node: '>=0.10.0'}

  move-file@4.1.0:
    resolution: {integrity: sha512-YE06K9XLIvMlqSfoZTl32qvbZLPgL70Za41wS8pEhsSOhy71xz2fn8J07nuz/LEEtPSuUzLUFGAJSx499eKDSw==, tarball: https://registry.npmjs.org/move-file/-/move-file-4.1.0.tgz}
    engines: {node: '>=20'}

  npm-run-path@3.1.0:
    resolution: {integrity: sha512-Dbl4A/VfiVGLgQv29URL9xshU8XDY1GeLy+fsaZ1AA8JDSfjvr5P5+pzRbWqRSBxk6/DW7MIh8lTM/PaGnP2kg==, tarball: https://registry.npmjs.org/npm-run-path/-/npm-run-path-3.1.0.tgz}
    engines: {node: '>=8'}

  once@1.4.0:
    resolution: {integrity: sha512-lNaJgI+2Q5URQBkccEKHTQOPaXdUxnZZElQTZY0MFUAuaEqe1E+Nyvgdz/aIyNi6Z9MzO5dv1H8n58/GELp3+w==, tarball: https://registry.npmjs.org/once/-/once-1.4.0.tgz}

  onetime@5.1.2:
    resolution: {integrity: sha512-kbpaSSGJTWdAY5KPVeMOKXSrPtr8C8C7wodJbcsd51jRnmD+GZu8Y0VoU6Dm5Z4vWr0Ig/1NKuWRKf7j5aaYSg==, tarball: https://registry.npmjs.org/onetime/-/onetime-5.1.2.tgz}
    engines: {node: '>=6'}

  os-homedir@1.0.2:
    resolution: {integrity: sha512-B5JU3cabzk8c67mRRd3ECmROafjYMXbuzlwtqdM8IbS8ktlTix8aFGb2bAGKrSRIlnfKwovGUUr72JUPyOb6kQ==, tarball: https://registry.npmjs.org/os-homedir/-/os-homedir-1.0.2.tgz}
    engines: {node: '>=0.10.0'}

  p-finally@2.0.1:
    resolution: {integrity: sha512-vpm09aKwq6H9phqRQzecoDpD8TmVyGw70qmWlyq5onxY7tqyTTFVvxMykxQSQKILBSFlbXpypIw2T1Ml7+DDtw==, tarball: https://registry.npmjs.org/p-finally/-/p-finally-2.0.1.tgz}
    engines: {node: '>=8'}

  p-map@7.0.4:
    resolution: {integrity: sha512-tkAQEw8ysMzmkhgw8k+1U/iPhWNhykKnSk4Rd5zLoPJCuJaGRPo6YposrZgaxHKzDHdDWWZvE/Sk7hsL2X/CpQ==, tarball: https://registry.npmjs.org/p-map/-/p-map-7.0.4.tgz}
    engines: {node: '>=18'}

  patch-console@2.0.0:
    resolution: {integrity: sha512-0YNdUceMdaQwoKce1gatDScmMo5pu/tfABfnzEqeG0gtTmd7mh/WcwgUjtAeOU7N8nFFlbQBnFK2gXW5fGvmMA==, tarball: https://registry.npmjs.org/patch-console/-/patch-console-2.0.0.tgz}
    engines: {node: ^12.20.0 || ^14.13.1 || >=16.0.0}

  path-key@3.1.1:
    resolution: {integrity: sha512-ojmeN0qd+y0jszEtoY48r0Peq5dwMEkIlCOu6Q5f41lfkswXuKtYrhgoTpLnyIcHm24Uhqx+5Tqm2InSwLhE6Q==, tarball: https://registry.npmjs.org/path-key/-/path-key-3.1.1.tgz}
    engines: {node: '>=8'}

  path-type@6.0.0:
    resolution: {integrity: sha512-Vj7sf++t5pBD637NSfkxpHSMfWaeig5+DKWLhcqIYx6mWQz5hdJTGDVMQiJcw1ZYkhs7AazKDGpRVji1LJCZUQ==, tarball: https://registry.npmjs.org/path-type/-/path-type-6.0.0.tgz}
    engines: {node: '>=18'}

  picomatch@2.3.2:
    resolution: {integrity: sha512-V7+vQEJ06Z+c5tSye8S+nHUfI51xoXIXjHQ99cQtKUkQqqO1kO/KCJUfZXuB47h/YBlDhah2H3hdUGXn8ie0oA==, tarball: https://registry.npmjs.org/picomatch/-/picomatch-2.3.2.tgz}
    engines: {node: '>=8.6'}

  pify@2.3.0:
    resolution: {integrity: sha512-udgsAY+fTnvv7kI7aaxbqwWNb0AHiB0qBO89PZKPkoTmGOgdbrHDKD+0B2X4uTfJ/FT1R09r9gTsjUjNJotuog==, tarball: https://registry.npmjs.org/pify/-/pify-2.3.0.tgz}
    engines: {node: '>=0.10.0'}

  pinkie-promise@2.0.1:
    resolution: {integrity: sha512-0Gni6D4UcLTbv9c57DfxDGdr41XfgUjqWZu492f0cIGr16zDU06BWP/RAEvOuo7CQ0CNjHaLlM59YJJFm3NWlw==, tarball: https://registry.npmjs.org/pinkie-promise/-/pinkie-promise-2.0.1.tgz}
    engines: {node: '>=0.10.0'}

  pinkie@2.0.4:
    resolution: {integrity: sha512-MnUuEycAemtSaeFSjXKW/aroV7akBbY+Sv+RkyqFjgAe73F+MR0TBWKBRDkmfWq/HiFmdavfZ1G7h4SPZXaCSg==, tarball: https://registry.npmjs.org/pinkie/-/pinkie-2.0.4.tgz}
    engines: {node: '>=0.10.0'}

  powershell-utils@0.1.0:
    resolution: {integrity: sha512-dM0jVuXJPsDN6DvRpea484tCUaMiXWjuCn++HGTqUWzGDjv5tZkEZldAJ/UMlqRYGFrD/etByo4/xOuC/snX2A==, tarball: https://registry.npmjs.org/powershell-utils/-/powershell-utils-0.1.0.tgz}
    engines: {node: '>=20'}

  powershell-utils@0.2.0:
    resolution: {integrity: sha512-ZlsFlG7MtSFCoc5xreOvBAozCJ6Pf06opgJjh9ONEv418xpZSAzNjstD36C6+JwOnfSqOW/9uDkqKjezTdxZhw==, tarball: https://registry.npmjs.org/powershell-utils/-/powershell-utils-0.2.0.tgz}
    engines: {node: '>=20'}

  pump@3.0.4:
    resolution: {integrity: sha512-VS7sjc6KR7e1ukRFhQSY5LM2uBWAUPiOPa/A3mkKmiMwSmRFUITt0xuj+/lesgnCv+dPIEYlkzrcyXgquIHMcA==, tarball: https://registry.npmjs.org/pump/-/pump-3.0.4.tgz}

  queue-microtask@1.2.3:
    resolution: {integrity: sha512-NuaNSa6flKT5JaSYQzJok04JzTL1CA6aGhv5rfLW3PgqA+M2ChpZQnAC8h8i4ZFkBS8X5RqkDBHA7r4hej3K9A==, tarball: https://registry.npmjs.org/queue-microtask/-/queue-microtask-1.2.3.tgz}

  react-reconciler@0.33.0:
    resolution: {integrity: sha512-KetWRytFv1epdpJc3J4G75I4WrplZE5jOL7Yq0p34+OVOKF4Se7WrdIdVC45XsSSmUTlht2FM/fM1FZb1mfQeA==, tarball: https://registry.npmjs.org/react-reconciler/-/react-reconciler-0.33.0.tgz}
    engines: {node: '>=0.10.0'}
    peerDependencies:
      react: ^19.2.0

  react@19.2.7:
    resolution: {integrity: sha512-HNe9WslTbXmFK8o8cmwgAeJFSBvt1bPdHCVKtaaV+WlAN36mpT4hcRpwbf3fY56ar2oIXzsBpOAiIRHAdY0OlQ==, tarball: https://registry.npmjs.org/react/-/react-19.2.7.tgz}
    engines: {node: '>=0.10.0'}

  restore-cursor@4.0.0:
    resolution: {integrity: sha512-I9fPXU9geO9bHOt9pHHOhOkYerIMsmVaWB0rA2AI9ERh/+x/i7MV5HKBNrg+ljO5eoPVgCcnFuRjJ9uH6I/3eg==, tarball: https://registry.npmjs.org/restore-cursor/-/restore-cursor-4.0.0.tgz}
    engines: {node: ^12.20.0 || ^14.13.1 || >=16.0.0}

  reusify@1.1.0:
    resolution: {integrity: sha512-g6QUff04oZpHs0eG5p83rFLhHeV00ug/Yf9nZM6fLeUrPguBTkTQOdpAWWspMh55TZfVQDPaN3NQJfbVRAxdIw==, tarball: https://registry.npmjs.org/reusify/-/reusify-1.1.0.tgz}
    engines: {iojs: '>=1.0.0', node: '>=0.10.0'}

  run-parallel@1.2.0:
    resolution: {integrity: sha512-5l4VyZR86LZ/lDxZTR6jqL8AFE2S0IFLMP26AbjsLVADxHdhB/c0GUsH+y39UfCi3dzz8OlQuPmnaJOMoDHQBA==, tarball: https://registry.npmjs.org/run-parallel/-/run-parallel-1.2.0.tgz}

  scheduler@0.27.0:
    resolution: {integrity: sha512-eNv+WrVbKu1f3vbYJT/xtiF5syA5HPIMtf9IgY/nKg0sWqzAUEvqY/xm7OcZc/qafLx/iO9FgOmeSAp4v5ti/Q==, tarball: https://registry.npmjs.org/scheduler/-/scheduler-0.27.0.tgz}

  shebang-command@2.0.0:
    resolution: {integrity: sha512-kHxr2zZpYtdmrN1qDjrrX/Z1rR1kG8Dx+gkpK1G4eXmvXswmcE1hTWBWYUzlraYw1/yZp6YuDY77YtvbN0dmDA==, tarball: https://registry.npmjs.org/shebang-command/-/shebang-command-2.0.0.tgz}
    engines: {node: '>=8'}

  shebang-regex@3.0.0:
    resolution: {integrity: sha512-7++dFhtcx3353uBaq8DDR4NuxBetBzC7ZQOhmTQInHEd6bSrXdiEyzCvG07Z44UYdLShWUyXt5M/yhz8ekcb1A==, tarball: https://registry.npmjs.org/shebang-regex/-/shebang-regex-3.0.0.tgz}
    engines: {node: '>=8'}

  signal-exit@3.0.7:
    resolution: {integrity: sha512-wnD2ZE+l+SPC/uoS0vXeE9L1+0wuaMqKlfz9AMUo38JsyLSBWSFcHR1Rri62LZc12vLr1gb3jl7iwQhgwpAbGQ==, tarball: https://registry.npmjs.org/signal-exit/-/signal-exit-3.0.7.tgz}

  slash@5.1.0:
    resolution: {integrity: sha512-ZA6oR3T/pEyuqwMgAKT0/hAv8oAXckzbkmR0UkUosQ+Mc4RxGoJkRmwHgHufaenlyAgE1Mxgpdcrf75y6XcnDg==, tarball: https://registry.npmjs.org/slash/-/slash-5.1.0.tgz}
    engines: {node: '>=14.16'}

  slice-ansi@9.0.0:
    resolution: {integrity: sha512-SO/3iYL5S3W57LLEniscOGPZgOqZUPCx6d3dB+52B80yJ0XstzsC/eV8gnA4tM3MHDrKz+OCFSLNjswdSC+/bA==, tarball: https://registry.npmjs.org/slice-ansi/-/slice-ansi-9.0.0.tgz}
    engines: {node: '>=22'}

  stack-utils@2.0.6:
    resolution: {integrity: sha512-XlkWvfIm6RmsWtNJx+uqtKLS8eqFbxUg0ZzLXqY0caEy9l7hruX8IpiDnjsLavoBgqCCR71TqWO8MaXYheJ3RQ==, tarball: https://registry.npmjs.org/stack-utils/-/stack-utils-2.0.6.tgz}
    engines: {node: '>=10'}

  string-width@8.2.1:
    resolution: {integrity: sha512-IIaP0g3iy9Cyy18w3M9YcaDudujEAVHKt3a3QJg1+sr/oX96TbaGUubG0hJyCjCBThFH+tFpcIyoUHUn1ogaLA==, tarball: https://registry.npmjs.org/string-width/-/string-width-8.2.1.tgz}
    engines: {node: '>=20'}

  strip-ansi@7.2.0:
    resolution: {integrity: sha512-yDPMNjp4WyfYBkHnjIRLfca1i6KMyGCtsVgoKe/z1+6vukgaENdgGBZt+ZmKPc4gavvEZ5OgHfHdrazhgNyG7w==, tarball: https://registry.npmjs.org/strip-ansi/-/strip-ansi-7.2.0.tgz}
    engines: {node: '>=12'}

  strip-final-newline@2.0.0:
    resolution: {integrity: sha512-BrpvfNAE3dcvq7ll3xVumzjKjZQ5tI1sEUIKr3Uoks0XUl45St3FlatVqef9prk4jRDzhW6WZg+3bk93y6pLjA==, tarball: https://registry.npmjs.org/strip-final-newline/-/strip-final-newline-2.0.0.tgz}
    engines: {node: '>=6'}

  tagged-tag@1.0.0:
    resolution: {integrity: sha512-yEFYrVhod+hdNyx7g5Bnkkb0G6si8HJurOoOEgC8B/O0uXLHlaey/65KRv6cuWBNhBgHKAROVpc7QyYqE5gFng==, tarball: https://registry.npmjs.org/tagged-tag/-/tagged-tag-1.0.0.tgz}
    engines: {node: '>=20'}

  terminal-size@4.0.1:
    resolution: {integrity: sha512-avMLDQpUI9I5XFrklECw1ZEUPJhqzcwSWsyyI8blhRLT+8N1jLJWLWWYQpB2q2xthq8xDvjZPISVh53T/+CLYQ==, tarball: https://registry.npmjs.org/terminal-size/-/terminal-size-4.0.1.tgz}
    engines: {node: '>=18'}

  to-regex-range@5.0.1:
    resolution: {integrity: sha512-65P7iz6X5yEr1cwcgvQxbbIw7Uk3gOy5dIdtZ4rDveLqhrdJP+Li/Hx6tyK0NEb+2GCyneCMJiGqrADCSNk8sQ==, tarball: https://registry.npmjs.org/to-regex-range/-/to-regex-range-5.0.1.tgz}
    engines: {node: '>=8.0'}

  trash@10.1.1:
    resolution: {integrity: sha512-L/mu8sfblMwaS+exj1MxpmihlIRwVQyB6ieKuTTmBJG0lXWBPfx3pMGQG8i3NT/S8vvNZrflDUOp+j0o7Cnxzw==, tarball: https://registry.npmjs.org/trash/-/trash-10.1.1.tgz}
    engines: {node: '>=20'}

  type-fest@5.7.0:
    resolution: {integrity: sha512-1URUxUqfHFM1c+zfSPsa3gnkO7Aq21qyH75SIduNYz4SzY964rn1X2vCMQaHSHhktiw+0kPa2iyb6PUpXqB6Vg==, tarball: https://registry.npmjs.org/type-fest/-/type-fest-5.7.0.tgz}
    engines: {node: '>=20'}

  typescript@6.0.3:
    resolution: {integrity: sha512-y2TvuxSZPDyQakkFRPZHKFm+KKVqIisdg9/CZwm9ftvKXLP8NRWj38/ODjNbr43SsoXqNuAisEf1GdCxqWcdBw==, tarball: https://registry.npmjs.org/typescript/-/typescript-6.0.3.tgz}
    engines: {node: '>=14.17'}
    hasBin: true

  undici-types@6.21.0:
    resolution: {integrity: sha512-iwDZqg0QAGrg9Rav5H4n0M64c3mkR59cJ6wQp+7C4nI0gsmExaedaYLNO44eT4AtBBwjbTiGPMlt2Md0T9H9JQ==, tarball: https://registry.npmjs.org/undici-types/-/undici-types-6.21.0.tgz}

  unicorn-magic@0.3.0:
    resolution: {integrity: sha512-+QBBXBCvifc56fsbuxZQ6Sic3wqqc3WWaqxs58gvJrcOuN83HGTCwz3oS5phzU9LthRNE9VrJCFCLUgHeeFnfA==, tarball: https://registry.npmjs.org/unicorn-magic/-/unicorn-magic-0.3.0.tgz}
    engines: {node: '>=18'}

  user-home@2.0.0:
    resolution: {integrity: sha512-KMWqdlOcjCYdtIJpicDSFBQ8nFwS2i9sslAd6f4+CBGcU4gist2REnr2fxj2YocvJFxSF3ZOHLYLVZnUxv4BZQ==, tarball: https://registry.npmjs.org/user-home/-/user-home-2.0.0.tgz}
    engines: {node: '>=0.10.0'}

  which@2.0.2:
    resolution: {integrity: sha512-BLI3Tl1TW3Pvl70l3yq3Y64i+awpwXqsGBYWkkqMtnbXgrMD+yj7rhW0kuEDxzJaYXGjEW5ogapKNMEKNMjibA==, tarball: https://registry.npmjs.org/which/-/which-2.0.2.tgz}
    engines: {node: '>= 8'}
    hasBin: true

  widest-line@6.0.0:
    resolution: {integrity: sha512-U89AsyEeAsyoF0zVJBkG9zBgekjgjK7yk9sje3F4IQpXBJ10TF6ByLlIfjMhcmHMJgHZI4KHt4rdNfktzxIAMA==, tarball: https://registry.npmjs.org/widest-line/-/widest-line-6.0.0.tgz}
    engines: {node: '>=20'}

  wrap-ansi@10.0.0:
    resolution: {integrity: sha512-SGcvg80f0wUy2/fXES19feHMz8E0JoXv2uNgHOu4Dgi2OrCy1lqwFYEJz1BLbDI0exjPMe/ZdzZ/YpGECBG/aQ==, tarball: https://registry.npmjs.org/wrap-ansi/-/wrap-ansi-10.0.0.tgz}
    engines: {node: '>=20'}

  wrappy@1.0.2:
    resolution: {integrity: sha512-l4Sp/DRseor9wL6EvV2+TuQn63dMkPjZ/sp9XkghTEbV9KlPS1xUsZ3u7/IQO4wxtcFB4bgpQPRcR3QCvezPcQ==, tarball: https://registry.npmjs.org/wrappy/-/wrappy-1.0.2.tgz}

  ws@8.20.0:
    resolution: {integrity: sha512-sAt8BhgNbzCtgGbt2OxmpuryO63ZoDk/sqaB/znQm94T4fCEsy/yV+7CdC1kJhOU9lboAEU7R3kquuycDoibVA==, tarball: https://registry.npmjs.org/ws/-/ws-8.20.0.tgz}
    engines: {node: '>=10.0.0'}
    peerDependencies:
      bufferutil: ^4.0.1
      utf-8-validate: '>=5.0.2'
    peerDependenciesMeta:
      bufferutil:
        optional: true
      utf-8-validate:
        optional: true

  wsl-utils@0.4.0:
    resolution: {integrity: sha512-9YmF+2sFEd+T7TkwlmE337F0IVzfDvDknhtpBQxxXzEOfgPphGlFYpyx0cTuCIFj8/p+sqwBYAeGxOMNSzPPDA==, tarball: https://registry.npmjs.org/wsl-utils/-/wsl-utils-0.4.0.tgz}
    engines: {node: '>=20'}

  xdg-basedir@4.0.0:
    resolution: {integrity: sha512-PSNhEJDejZYV7h50BohL09Er9VaIefr2LMAf3OEmpCkjOi34eYyQYAXUTjEQtZJTKcF0E2UKTh+osDLsgNim9Q==, tarball: https://registry.npmjs.org/xdg-basedir/-/xdg-basedir-4.0.0.tgz}
    engines: {node: '>=8'}

  xdg-trashdir@3.1.0:
    resolution: {integrity: sha512-N1XQngeqMBoj9wM4ZFadVV2MymImeiFfYD+fJrNlcVcOHsJFFQe7n3b+aBoTPwARuq2HQxukfzVpQmAk1gN4sQ==, tarball: https://registry.npmjs.org/xdg-trashdir/-/xdg-trashdir-3.1.0.tgz}
    engines: {node: '>=10'}

  yoga-layout@3.2.1:
    resolution: {integrity: sha512-0LPOt3AxKqMdFBZA3HBAt/t/8vIKq7VaQYbuA8WxCgung+p9TVyKRYdpvCb80HcdTN2NkbIKbhNwKUfm3tQywQ==, tarball: https://registry.npmjs.org/yoga-layout/-/yoga-layout-3.2.1.tgz}

snapshots:

  '@alcalzone/ansi-tokenize@0.3.0':
    dependencies:
      ansi-styles: 6.2.3
      is-fullwidth-code-point: 5.1.0

  '@biomejs/biome@2.5.2':
    optionalDependencies:
      '@biomejs/cli-darwin-arm64': 2.5.2
      '@biomejs/cli-darwin-x64': 2.5.2
      '@biomejs/cli-linux-arm64': 2.5.2
      '@biomejs/cli-linux-arm64-musl': 2.5.2
      '@biomejs/cli-linux-x64': 2.5.2
      '@biomejs/cli-linux-x64-musl': 2.5.2
      '@biomejs/cli-win32-arm64': 2.5.2
      '@biomejs/cli-win32-x64': 2.5.2

  '@biomejs/cli-darwin-arm64@2.5.2':
    optional: true

  '@biomejs/cli-darwin-x64@2.5.2':
    optional: true

  '@biomejs/cli-linux-arm64-musl@2.5.2':
    optional: true

  '@biomejs/cli-linux-arm64@2.5.2':
    optional: true

  '@biomejs/cli-linux-x64-musl@2.5.2':
    optional: true

  '@biomejs/cli-linux-x64@2.5.2':
    optional: true

  '@biomejs/cli-win32-arm64@2.5.2':
    optional: true

  '@biomejs/cli-win32-x64@2.5.2':
    optional: true

  '@nodelib/fs.scandir@2.1.5':
    dependencies:
      '@nodelib/fs.stat': 2.0.5
      run-parallel: 1.2.0

  '@nodelib/fs.stat@2.0.5': {}

  '@nodelib/fs.walk@1.2.8':
    dependencies:
      '@nodelib/fs.scandir': 2.1.5
      fastq: 1.20.1

  '@sindresorhus/df@1.0.1': {}

  '@sindresorhus/df@3.1.1':
    dependencies:
      execa: 2.1.0

  '@sindresorhus/merge-streams@2.3.0': {}

  '@stroncium/procfs@1.2.1': {}

  '@types/node@22.20.0':
    dependencies:
      undici-types: 6.21.0

  '@types/react@19.2.17':
    dependencies:
      csstype: 3.2.3

  ansi-escapes@7.3.0:
    dependencies:
      environment: 1.1.0

  ansi-regex@6.2.2: {}

  ansi-styles@6.2.3: {}

  auto-bind@5.0.1: {}

  braces@3.0.3:
    dependencies:
      fill-range: 7.1.1

  chalk@5.6.2: {}

  chunkify@5.0.0: {}

  cli-boxes@4.0.1: {}

  cli-cursor@4.0.0:
    dependencies:
      restore-cursor: 4.0.0

  cli-truncate@6.1.0:
    dependencies:
      slice-ansi: 9.0.0
      string-width: 8.2.1

  code-excerpt@4.0.0:
    dependencies:
      convert-to-spaces: 2.0.1

  convert-to-spaces@2.0.1: {}

  cross-spawn@7.0.6:
    dependencies:
      path-key: 3.1.1
      shebang-command: 2.0.0
      which: 2.0.2

  csstype@3.2.3: {}

  end-of-stream@1.4.5:
    dependencies:
      once: 1.4.0

  environment@1.1.0: {}

  es-toolkit@1.46.1: {}

  escape-string-regexp@2.0.0: {}

  execa@2.1.0:
    dependencies:
      cross-spawn: 7.0.6
      get-stream: 5.2.0
      is-stream: 2.0.1
      merge-stream: 2.0.0
      npm-run-path: 3.1.0
      onetime: 5.1.2
      p-finally: 2.0.1
      signal-exit: 3.0.7
      strip-final-newline: 2.0.0

  fast-glob@3.3.3:
    dependencies:
      '@nodelib/fs.stat': 2.0.5
      '@nodelib/fs.walk': 1.2.8
      glob-parent: 5.1.2
      merge2: 1.4.1
      micromatch: 4.0.8

  fastq@1.20.1:
    dependencies:
      reusify: 1.1.0

  fill-range@7.1.1:
    dependencies:
      to-regex-range: 5.0.1

  get-east-asian-width@1.5.0: {}

  get-stream@5.2.0:
    dependencies:
      pump: 3.0.4

  glob-parent@5.1.2:
    dependencies:
      is-glob: 4.0.3

  globby@14.1.0:
    dependencies:
      '@sindresorhus/merge-streams': 2.3.0
      fast-glob: 3.3.3
      ignore: 7.0.5
      path-type: 6.0.0
      slash: 5.1.0
      unicorn-magic: 0.3.0

  ignore@7.0.5: {}

  indent-string@5.0.0: {}

  ink-testing-library@4.0.0(@types/react@19.2.17):
    optionalDependencies:
      '@types/react': 19.2.17

  ink@7.1.0(@types/react@19.2.17)(react@19.2.7):
    dependencies:
      '@alcalzone/ansi-tokenize': 0.3.0
      ansi-escapes: 7.3.0
      ansi-styles: 6.2.3
      auto-bind: 5.0.1
      chalk: 5.6.2
      cli-boxes: 4.0.1
      cli-cursor: 4.0.0
      cli-truncate: 6.1.0
      code-excerpt: 4.0.0
      es-toolkit: 1.46.1
      indent-string: 5.0.0
      is-in-ci: 2.0.0
      patch-console: 2.0.0
      react: 19.2.7
      react-reconciler: 0.33.0(react@19.2.7)
      scheduler: 0.27.0
      signal-exit: 3.0.7
      slice-ansi: 9.0.0
      stack-utils: 2.0.6
      string-width: 8.2.1
      terminal-size: 4.0.1
      type-fest: 5.7.0
      widest-line: 6.0.0
      wrap-ansi: 10.0.0
      ws: 8.20.0
      yoga-layout: 3.2.1
    optionalDependencies:
      '@types/react': 19.2.17
    transitivePeerDependencies:
      - bufferutil
      - utf-8-validate

  is-docker@3.0.0: {}

  is-extglob@2.1.1: {}

  is-fullwidth-code-point@5.1.0:
    dependencies:
      get-east-asian-width: 1.5.0

  is-glob@4.0.3:
    dependencies:
      is-extglob: 2.1.1

  is-in-ci@2.0.0: {}

  is-inside-container@1.0.0:
    dependencies:
      is-docker: 3.0.0

  is-number@7.0.0: {}

  is-path-inside@4.0.0: {}

  is-stream@2.0.1: {}

  is-wsl@3.1.1:
    dependencies:
      is-inside-container: 1.0.0

  isexe@2.0.0: {}

  merge-stream@2.0.0: {}

  merge2@1.4.1: {}

  micromatch@4.0.8:
    dependencies:
      braces: 3.0.3
      picomatch: 2.3.2

  mimic-fn@2.1.0: {}

  mount-point@3.0.0:
    dependencies:
      '@sindresorhus/df': 1.0.1
      pify: 2.3.0
      pinkie-promise: 2.0.1

  move-file@4.1.0: {}

  npm-run-path@3.1.0:
    dependencies:
      path-key: 3.1.1

  once@1.4.0:
    dependencies:
      wrappy: 1.0.2

  onetime@5.1.2:
    dependencies:
      mimic-fn: 2.1.0

  os-homedir@1.0.2: {}

  p-finally@2.0.1: {}

  p-map@7.0.4: {}

  patch-console@2.0.0: {}

  path-key@3.1.1: {}

  path-type@6.0.0: {}

  picomatch@2.3.2: {}

  pify@2.3.0: {}

  pinkie-promise@2.0.1:
    dependencies:
      pinkie: 2.0.4

  pinkie@2.0.4: {}

  powershell-utils@0.1.0: {}

  powershell-utils@0.2.0: {}

  pump@3.0.4:
    dependencies:
      end-of-stream: 1.4.5
      once: 1.4.0

  queue-microtask@1.2.3: {}

  react-reconciler@0.33.0(react@19.2.7):
    dependencies:
      react: 19.2.7
      scheduler: 0.27.0

  react@19.2.7: {}

  restore-cursor@4.0.0:
    dependencies:
      onetime: 5.1.2
      signal-exit: 3.0.7

  reusify@1.1.0: {}

  run-parallel@1.2.0:
    dependencies:
      queue-microtask: 1.2.3

  scheduler@0.27.0: {}

  shebang-command@2.0.0:
    dependencies:
      shebang-regex: 3.0.0

  shebang-regex@3.0.0: {}

  signal-exit@3.0.7: {}

  slash@5.1.0: {}

  slice-ansi@9.0.0:
    dependencies:
      ansi-styles: 6.2.3
      is-fullwidth-code-point: 5.1.0

  stack-utils@2.0.6:
    dependencies:
      escape-string-regexp: 2.0.0

  string-width@8.2.1:
    dependencies:
      get-east-asian-width: 1.5.0
      strip-ansi: 7.2.0

  strip-ansi@7.2.0:
    dependencies:
      ansi-regex: 6.2.2

  strip-final-newline@2.0.0: {}

  tagged-tag@1.0.0: {}

  terminal-size@4.0.1: {}

  to-regex-range@5.0.1:
    dependencies:
      is-number: 7.0.0

  trash@10.1.1:
    dependencies:
      '@stroncium/procfs': 1.2.1
      chunkify: 5.0.0
      globby: 14.1.0
      is-path-inside: 4.0.0
      move-file: 4.1.0
      p-map: 7.0.4
      powershell-utils: 0.2.0
      wsl-utils: 0.4.0
      xdg-trashdir: 3.1.0

  type-fest@5.7.0:
    dependencies:
      tagged-tag: 1.0.0

  typescript@6.0.3: {}

  undici-types@6.21.0: {}

  unicorn-magic@0.3.0: {}

  user-home@2.0.0:
    dependencies:
      os-homedir: 1.0.2

  which@2.0.2:
    dependencies:
      isexe: 2.0.0

  widest-line@6.0.0:
    dependencies:
      string-width: 8.2.1

  wrap-ansi@10.0.0:
    dependencies:
      ansi-styles: 6.2.3
      string-width: 8.2.1
      strip-ansi: 7.2.0

  wrappy@1.0.2: {}

  ws@8.20.0: {}

  wsl-utils@0.4.0:
    dependencies:
      is-wsl: 3.1.1
      powershell-utils: 0.1.0

  xdg-basedir@4.0.0: {}

  xdg-trashdir@3.1.0:
    dependencies:
      '@sindresorhus/df': 3.1.1
      mount-point: 3.0.0
      user-home: 2.0.0
      xdg-basedir: 4.0.0

  yoga-layout@3.2.1: {}
